
Microsoft Visual Studio Solution File, Format Version 12.00
# Visual Studio Version 17
VisualStudioVersion = 17.5.33502.453
MinimumVisualStudioVersion = 10.0.40219.1
Project("{9A19103F-16F7-4668-BE54-9A1E7A4F7556}") = "SeguroAutoAPI", "SeguroAutoAPI.csproj", "{BDD3A2B5-59D8-4966-8856-C4F174C56B9C}"
EndProject
Project("{FAE04EC0-301F-11D3-BF4B-00C04F79EFBC}") = "SeguroAutoAPITests", "..\SeguroAutoAPITests\SeguroAutoAPITests.csproj", "{8C4B7C93-E667-4149-9200-B40E35574846}"
EndProject
Global
	GlobalSection(SolutionConfigurationPlatforms) = preSolution
		Debug|Any CPU = Debug|Any CPU
		Release|Any CPU = Release|Any CPU
	EndGlobalSection
	GlobalSection(ProjectConfigurationPlatforms) = postSolution
		{BDD3A2B5-59D8-4966-8856-C4F174C56B9C}.Debug|Any CPU.ActiveCfg = Debug|Any CPU
		{BDD3A2B5-59D8-4966-8856-C4F174C56B9C}.Debug|Any CPU.Build.0 = Debug|Any CPU
		{BDD3A2B5-59D8-4966-8856-C4F174C56B9C}.Release|Any CPU.ActiveCfg = Release|Any CPU
		{BDD3A2B5-59D8-4966-8856-C4F174C56B9C}.Release|Any CPU.Build.0 = Release|Any CPU
		{8C4B7C93-E667-4149-9200-B40E35574846}.Debug|Any CPU.ActiveCfg = Debug|Any CPU
		{8C4B7C93-E667-4149-9200-B40E35574846}.Debug|Any CPU.Build.0 = Debug|Any CPU
		{8C4B7C93-E667-4149-9200-B40E35574846}.Release|Any CPU.ActiveCfg = Release|Any CPU
		{8C4B7C93-E667-4149-9200-B40E35574846}.Release|Any CPU.Build.0 = Release|Any CPU
	EndGlobalSection
	GlobalSection(SolutionProperties) = preSolution
		HideSolutionNode = FALSE
	EndGlobalSection
	GlobalSection(ExtensibilityGlobals) = postSolution
		SolutionGuid = {D0847EE9-1A0B-403A-A579-502AC061A6E8}
	EndGlobalSection
EndGlobal
